// !$*UTF8*$!
{
	archiveVersion = 1;
	classes = {
	};
	objectVersion = 56;
	objects = {

/* Begin PBXBuildFile section */
		4BAD24712A17C98E0073891C /* TLButton.swift in Sources */ = {isa = PBXBuildFile; fileRef = 4BAD24702A17C98E0073891C /* TLButton.swift */; };
		4BAD24732A1BB46F0073891C /* User.swift in Sources */ = {isa = PBXBuildFile; fileRef = 4BAD24722A1BB46F0073891C /* User.swift */; };
		4BAD24752A1BB5A50073891C /* Encodable + Extension.swift in Sources */ = {isa = PBXBuildFile; fileRef = 4BAD24742A1BB5A50073891C /* Encodable + Extension.swift */; };
		4BC6DB502A1605FB00487DE7 /* SwiftUIToDoListApp.swift in Sources */ = {isa = PBXBuildFile; fileRef = 4BC6DB4F2A1605FB00487DE7 /* SwiftUIToDoListApp.swift */; };
		4BC6DB522A1605FB00487DE7 /* MainView.swift in Sources */ = {isa = PBXBuildFile; fileRef = 4BC6DB512A1605FB00487DE7 /* MainView.swift */; };
		4BC6DB542A1605FD00487DE7 /* Assets.xcassets in Resources */ = {isa = PBXBuildFile; fileRef = 4BC6DB532A1605FD00487DE7 /* Assets.xcassets */; };
		4BC6DB572A1605FD00487DE7 /* Preview Assets.xcassets in Resources */ = {isa = PBXBuildFile; fileRef = 4BC6DB562A1605FD00487DE7 /* Preview Assets.xcassets */; };
		4BC6DB5F2A1608DE00487DE7 /* FirebaseAuth in Frameworks */ = {isa = PBXBuildFile; productRef = 4BC6DB5E2A1608DE00487DE7 /* FirebaseAuth */; };
		4BC6DB612A1608DE00487DE7 /* FirebaseFirestore in Frameworks */ = {isa = PBXBuildFile; productRef = 4BC6DB602A1608DE00487DE7 /* FirebaseFirestore */; };
		4BC6DB632A1608DE00487DE7 /* FirebaseFirestoreSwift in Frameworks */ = {isa = PBXBuildFile; productRef = 4BC6DB622A1608DE00487DE7 /* FirebaseFirestoreSwift */; };
		4BC6DB652A160B2500487DE7 /* GoogleService-Info.plist in Resources */ = {isa = PBXBuildFile; fileRef = 4BC6DB642A160B2500487DE7 /* GoogleService-Info.plist */; };
		4BC6DB6B2A163FD700487DE7 /* ProfileView.swift in Sources */ = {isa = PBXBuildFile; fileRef = 4BC6DB6A2A163FD700487DE7 /* ProfileView.swift */; };
		4BC6DB6D2A163FFB00487DE7 /* ToDoListItemView.swift in Sources */ = {isa = PBXBuildFile; fileRef = 4BC6DB6C2A163FFB00487DE7 /* ToDoListItemView.swift */; };
		4BC6DB6F2A16401500487DE7 /* NewItemView.swift in Sources */ = {isa = PBXBuildFile; fileRef = 4BC6DB6E2A16401500487DE7 /* NewItemView.swift */; };
		4BC6DB712A16402900487DE7 /* LoginView.swift in Sources */ = {isa = PBXBuildFile; fileRef = 4BC6DB702A16402900487DE7 /* LoginView.swift */; };
		4BC6DB732A16403300487DE7 /* RegisterView.swift in Sources */ = {isa = PBXBuildFile; fileRef = 4BC6DB722A16403300487DE7 /* RegisterView.swift */; };
		4BC6DB752A1641B700487DE7 /* ToDoListView.swift in Sources */ = {isa = PBXBuildFile; fileRef = 4BC6DB742A1641B700487DE7 /* ToDoListView.swift */; };
		4BC6DB772A16420400487DE7 /* ToDoListItem.swift in Sources */ = {isa = PBXBuildFile; fileRef = 4BC6DB762A16420400487DE7 /* ToDoListItem.swift */; };
		4BC6DB792A16424300487DE7 /* MainViewViewModel.swift in Sources */ = {isa = PBXBuildFile; fileRef = 4BC6DB782A16424300487DE7 /* MainViewViewModel.swift */; };
		4BC6DB7B2A16427300487DE7 /* ProfileViewViewModel.swift in Sources */ = {isa = PBXBuildFile; fileRef = 4BC6DB7A2A16427300487DE7 /* ProfileViewViewModel.swift */; };
		4BC6DB7D2A16428800487DE7 /* ToDoListItemViewViewModel.swift in Sources */ = {isa = PBXBuildFile; fileRef = 4BC6DB7C2A16428800487DE7 /* ToDoListItemViewViewModel.swift */; };
		4BC6DB7F2A16429200487DE7 /* NewItemViewViewModel.swift in Sources */ = {isa = PBXBuildFile; fileRef = 4BC6DB7E2A16429200487DE7 /* NewItemViewViewModel.swift */; };
		4BC6DB812A1642A400487DE7 /* LoginViewViewModel.swift in Sources */ = {isa = PBXBuildFile; fileRef = 4BC6DB802A1642A400487DE7 /* LoginViewViewModel.swift */; };
		4BC6DB832A1642AD00487DE7 /* RegisterViewViewModel.swift in Sources */ = {isa = PBXBuildFile; fileRef = 4BC6DB822A1642AD00487DE7 /* RegisterViewViewModel.swift */; };
		4BC6DB852A1642BC00487DE7 /* ToDoListViewViewModel.swift in Sources */ = {isa = PBXBuildFile; fileRef = 4BC6DB842A1642BC00487DE7 /* ToDoListViewViewModel.swift */; };
		4BC6DB872A1645EC00487DE7 /* HeaderView.swift in Sources */ = {isa = PBXBuildFile; fileRef = 4BC6DB862A1645EC00487DE7 /* HeaderView.swift */; };
		4BE4AB292A2483680060444D /* Launch Screen.storyboard in Resources */ = {isa = PBXBuildFile; fileRef = 4BE4AB282A2483680060444D /* Launch Screen.storyboard */; };
/* End PBXBuildFile section */

/* Begin PBXFileReference section */
		4BAD24702A17C98E0073891C /* TLButton.swift */ = {isa = PBXFileReference; lastKnownFileType = sourcecode.swift; path = TLButton.swift; sourceTree = "<group>"; };
		4BAD24722A1BB46F0073891C /* User.swift */ = {isa = PBXFileReference; lastKnownFileType = sourcecode.swift; path = User.swift; sourceTree = "<group>"; };
		4BAD24742A1BB5A50073891C /* Encodable + Extension.swift */ = {isa = PBXFileReference; lastKnownFileType = sourcecode.swift; path = "Encodable + Extension.swift"; sourceTree = "<group>"; };
		4BC6DB4C2A1605FB00487DE7 /* SwiftUIToDoList.app */ = {isa = PBXFileReference; explicitFileType = wrapper.application; includeInIndex = 0; path = SwiftUIToDoList.app; sourceTree = BUILT_PRODUCTS_DIR; };
		4BC6DB4F2A1605FB00487DE7 /* SwiftUIToDoListApp.swift */ = {isa = PBXFileReference; lastKnownFileType = sourcecode.swift; path = SwiftUIToDoListApp.swift; sourceTree = "<group>"; };
		4BC6DB512A1605FB00487DE7 /* MainView.swift */ = {isa = PBXFileReference; lastKnownFileType = sourcecode.swift; path = MainView.swift; sourceTree = "<group>"; };
		4BC6DB532A1605FD00487DE7 /* Assets.xcassets */ = {isa = PBXFileReference; lastKnownFileType = folder.assetcatalog; path = Assets.xcassets; sourceTree = "<group>"; };
		4BC6DB562A1605FD00487DE7 /* Preview Assets.xcassets */ = {isa = PBXFileReference; lastKnownFileType = folder.assetcatalog; path = "Preview Assets.xcassets"; sourceTree = "<group>"; };
		4BC6DB642A160B2500487DE7 /* GoogleService-Info.plist */ = {isa = PBXFileReference; fileEncoding = 4; lastKnownFileType = text.plist.xml; path = "GoogleService-Info.plist"; sourceTree = "<group>"; };
		4BC6DB6A2A163FD700487DE7 /* ProfileView.swift */ = {isa = PBXFileReference; lastKnownFileType = sourcecode.swift; path = ProfileView.swift; sourceTree = "<group>"; };
		4BC6DB6C2A163FFB00487DE7 /* ToDoListItemView.swift */ = {isa = PBXFileReference; lastKnownFileType = sourcecode.swift; path = ToDoListItemView.swift; sourceTree = "<group>"; };
		4BC6DB6E2A16401500487DE7 /* NewItemView.swift */ = {isa = PBXFileReference; lastKnownFileType = sourcecode.swift; path = NewItemView.swift; sourceTree = "<group>"; };
		4BC6DB702A16402900487DE7 /* LoginView.swift */ = {isa = PBXFileReference; lastKnownFileType = sourcecode.swift; path = LoginView.swift; sourceTree = "<group>"; };
		4BC6DB722A16403300487DE7 /* RegisterView.swift */ = {isa = PBXFileReference; lastKnownFileType = sourcecode.swift; path = RegisterView.swift; sourceTree = "<group>"; };
		4BC6DB742A1641B700487DE7 /* ToDoListView.swift */ = {isa = PBXFileReference; lastKnownFileType = sourcecode.swift; path = ToDoListView.swift; sourceTree = "<group>"; };
		4BC6DB762A16420400487DE7 /* ToDoListItem.swift */ = {isa = PBXFileReference; lastKnownFileType = sourcecode.swift; path = ToDoListItem.swift; sourceTree = "<group>"; };
		4BC6DB782A16424300487DE7 /* MainViewViewModel.swift */ = {isa = PBXFileReference; lastKnownFileType = sourcecode.swift; path = MainViewViewModel.swift; sourceTree = "<group>"; };
		4BC6DB7A2A16427300487DE7 /* ProfileViewViewModel.swift */ = {isa = PBXFileReference; lastKnownFileType = sourcecode.swift; path = ProfileViewViewModel.swift; sourceTree = "<group>"; };
		4BC6DB7C2A16428800487DE7 /* ToDoListItemViewViewModel.swift */ = {isa = PBXFileReference; lastKnownFileType = sourcecode.swift; path = ToDoListItemViewViewModel.swift; sourceTree = "<group>"; };
		4BC6DB7E2A16429200487DE7 /* NewItemViewViewModel.swift */ = {isa = PBXFileReference; lastKnownFileType = sourcecode.swift; path = NewItemViewViewModel.swift; sourceTree = "<group>"; };
		4BC6DB802A1642A400487DE7 /* LoginViewViewModel.swift */ = {isa = PBXFileReference; lastKnownFileType = sourcecode.swift; path = LoginViewViewModel.swift; sourceTree = "<group>"; };
		4BC6DB822A1642AD00487DE7 /* RegisterViewViewModel.swift */ = {isa = PBXFileReference; lastKnownFileType = sourcecode.swift; path = RegisterViewViewModel.swift; sourceTree = "<group>"; };
		4BC6DB842A1642BC00487DE7 /* ToDoListViewViewModel.swift */ = {isa = PBXFileReference; lastKnownFileType = sourcecode.swift; path = ToDoListViewViewModel.swift; sourceTree = "<group>"; };
		4BC6DB862A1645EC00487DE7 /* HeaderView.swift */ = {isa = PBXFileReference; lastKnownFileType = sourcecode.swift; path = HeaderView.swift; sourceTree = "<group>"; };
		4BE4AB282A2483680060444D /* Launch Screen.storyboard */ = {isa = PBXFileReference; lastKnownFileType = file.storyboard; path = "Launch Screen.storyboard"; sourceTree = "<group>"; };
/* End PBXFileReference section */

/* Begin PBXFrameworksBuildPhase section */
		4BC6DB492A1605FB00487DE7 /* Frameworks */ = {
			isa = PBXFrameworksBuildPhase;
			buildActionMask = 2147483647;
			files = (
				4BC6DB5F2A1608DE00487DE7 /* FirebaseAuth in Frameworks */,
				4BC6DB612A1608DE00487DE7 /* FirebaseFirestore in Frameworks */,
				4BC6DB632A1608DE00487DE7 /* FirebaseFirestoreSwift in Frameworks */,
			);
			runOnlyForDeploymentPostprocessing = 0;
		};
/* End PBXFrameworksBuildPhase section */

/* Begin PBXGroup section */
		4BC6DB432A1605FB00487DE7 = {
			isa = PBXGroup;
			children = (
				4BC6DB4E2A1605FB00487DE7 /* SwiftUIToDoList */,
				4BC6DB4D2A1605FB00487DE7 /* Products */,
			);
			sourceTree = "<group>";
		};
		4BC6DB4D2A1605FB00487DE7 /* Products */ = {
			isa = PBXGroup;
			children = (
				4BC6DB4C2A1605FB00487DE7 /* SwiftUIToDoList.app */,
			);
			name = Products;
			sourceTree = "<group>";
		};
		4BC6DB4E2A1605FB00487DE7 /* SwiftUIToDoList */ = {
			isa = PBXGroup;
			children = (
				4BC6DB692A163EAA00487DE7 /* Other */,
				4BC6DB682A163DE400487DE7 /* Views */,
				4BC6DB672A16229400487DE7 /* Models */,
				4BC6DB662A16225A00487DE7 /* ViewModels */,
				4BC6DB552A1605FD00487DE7 /* Preview Content */,
			);
			path = SwiftUIToDoList;
			sourceTree = "<group>";
		};
		4BC6DB552A1605FD00487DE7 /* Preview Content */ = {
			isa = PBXGroup;
			children = (
				4BC6DB562A1605FD00487DE7 /* Preview Assets.xcassets */,
			);
			path = "Preview Content";
			sourceTree = "<group>";
		};
		4BC6DB662A16225A00487DE7 /* ViewModels */ = {
			isa = PBXGroup;
			children = (
				4BC6DB782A16424300487DE7 /* MainViewViewModel.swift */,
				4BC6DB7A2A16427300487DE7 /* ProfileViewViewModel.swift */,
				4BC6DB7C2A16428800487DE7 /* ToDoListItemViewViewModel.swift */,
				4BC6DB7E2A16429200487DE7 /* NewItemViewViewModel.swift */,
				4BC6DB802A1642A400487DE7 /* LoginViewViewModel.swift */,
				4BC6DB822A1642AD00487DE7 /* RegisterViewViewModel.swift */,
				4BC6DB842A1642BC00487DE7 /* ToDoListViewViewModel.swift */,
			);
			path = ViewModels;
			sourceTree = "<group>";
		};
		4BC6DB672A16229400487DE7 /* Models */ = {
			isa = PBXGroup;
			children = (
				4BC6DB762A16420400487DE7 /* ToDoListItem.swift */,
				4BAD24722A1BB46F0073891C /* User.swift */,
			);
			path = Models;
			sourceTree = "<group>";
		};
		4BC6DB682A163DE400487DE7 /* Views */ = {
			isa = PBXGroup;
			children = (
				4BC6DB512A1605FB00487DE7 /* MainView.swift */,
				4BC6DB6A2A163FD700487DE7 /* ProfileView.swift */,
				4BC6DB6C2A163FFB00487DE7 /* ToDoListItemView.swift */,
				4BC6DB6E2A16401500487DE7 /* NewItemView.swift */,
				4BC6DB702A16402900487DE7 /* LoginView.swift */,
				4BC6DB722A16403300487DE7 /* RegisterView.swift */,
				4BC6DB742A1641B700487DE7 /* ToDoListView.swift */,
				4BC6DB862A1645EC00487DE7 /* HeaderView.swift */,
				4BAD24702A17C98E0073891C /* TLButton.swift */,
			);
			path = Views;
			sourceTree = "<group>";
		};
		4BC6DB692A163EAA00487DE7 /* Other */ = {
			isa = PBXGroup;
			children = (
				4BE4AB282A2483680060444D /* Launch Screen.storyboard */,
				4BC6DB4F2A1605FB00487DE7 /* SwiftUIToDoListApp.swift */,
				4BC6DB642A160B2500487DE7 /* GoogleService-Info.plist */,
				4BC6DB532A1605FD00487DE7 /* Assets.xcassets */,
				4BAD24742A1BB5A50073891C /* Encodable + Extension.swift */,
			);
			path = Other;
			sourceTree = "<group>";
		};
/* End PBXGroup section */

/* Begin PBXNativeTarget section */
		4BC6DB4B2A1605FB00487DE7 /* SwiftUIToDoList */ = {
			isa = PBXNativeTarget;
			buildConfigurationList = 4BC6DB5A2A1605FD00487DE7 /* Build configuration list for PBXNativeTarget "SwiftUIToDoList" */;
			buildPhases = (
				4BC6DB482A1605FB00487DE7 /* Sources */,
				4BC6DB492A1605FB00487DE7 /* Frameworks */,
				4BC6DB4A2A1605FB00487DE7 /* Resources */,
			);
			buildRules = (
			);
			dependencies = (
			);
			name = SwiftUIToDoList;
			packageProductDependencies = (
				4BC6DB5E2A1608DE00487DE7 /* FirebaseAuth */,
				4BC6DB602A1608DE00487DE7 /* FirebaseFirestore */,
				4BC6DB622A1608DE00487DE7 /* FirebaseFirestoreSwift */,
			);
			productName = SwiftUIToDoList;
			productReference = 4BC6DB4C2A1605FB00487DE7 /* SwiftUIToDoList.app */;
			productType = "com.apple.product-type.application";
		};
/* End PBXNativeTarget section */

/* Begin PBXProject section */
		4BC6DB442A1605FB00487DE7 /* Project object */ = {
			isa = PBXProject;
			attributes = {
				BuildIndependentTargetsInParallel = 1;
				LastSwiftUpdateCheck = 1430;
				LastUpgradeCheck = 1430;
				TargetAttributes = {
					4BC6DB4B2A1605FB00487DE7 = {
						CreatedOnToolsVersion = 14.3;
					};
				};
			};
			buildConfigurationList = 4BC6DB472A1605FB00487DE7 /* Build configuration list for PBXProject "SwiftUIToDoList" */;
			compatibilityVersion = "Xcode 14.0";
			developmentRegion = en;
			hasScannedForEncodings = 0;
			knownRegions = (
				en,
				Base,
			);
			mainGroup = 4BC6DB432A1605FB00487DE7;
			packageReferences = (
				4BC6DB5D2A1608DE00487DE7 /* XCRemoteSwiftPackageReference "firebase-ios-sdk" */,
			);
			productRefGroup = 4BC6DB4D2A1605FB00487DE7 /* Products */;
			projectDirPath = "";
			projectRoot = "";
			targets = (
				4BC6DB4B2A1605FB00487DE7 /* SwiftUIToDoList */,
			);
		};
/* End PBXProject section */

/* Begin PBXResourcesBuildPhase section */
		4BC6DB4A2A1605FB00487DE7 /* Resources */ = {
			isa = PBXResourcesBuildPhase;
			buildActionMask = 2147483647;
			files = (
				4BC6DB572A1605FD00487DE7 /* Preview Assets.xcassets in Resources */,
				4BC6DB542A1605FD00487DE7 /* Assets.xcassets in Resources */,
				4BE4AB292A2483680060444D /* Launch Screen.storyboard in Resources */,
				4BC6DB652A160B2500487DE7 /* GoogleService-Info.plist in Resources */,
			);
			runOnlyForDeploymentPostprocessing = 0;
		};
/* End PBXResourcesBuildPhase section */

/* Begin PBXSourcesBuildPhase section */
		4BC6DB482A1605FB00487DE7 /* Sources */ = {
			isa = PBXSourcesBuildPhase;
			buildActionMask = 2147483647;
			files = (
				4BC6DB712A16402900487DE7 /* LoginView.swift in Sources */,
				4BAD24712A17C98E0073891C /* TLButton.swift in Sources */,
				4BC6DB812A1642A400487DE7 /* LoginViewViewModel.swift in Sources */,
				4BAD24752A1BB5A50073891C /* Encodable + Extension.swift in Sources */,
				4BC6DB522A1605FB00487DE7 /* MainView.swift in Sources */,
				4BC6DB752A1641B700487DE7 /* ToDoListView.swift in Sources */,
				4BC6DB6D2A163FFB00487DE7 /* ToDoListItemView.swift in Sources */,
				4BC6DB832A1642AD00487DE7 /* RegisterViewViewModel.swift in Sources */,
				4BC6DB872A1645EC00487DE7 /* HeaderView.swift in Sources */,
				4BC6DB732A16403300487DE7 /* RegisterView.swift in Sources */,
				4BC6DB6B2A163FD700487DE7 /* ProfileView.swift in Sources */,
				4BC6DB502A1605FB00487DE7 /* SwiftUIToDoListApp.swift in Sources */,
				4BC6DB7B2A16427300487DE7 /* ProfileViewViewModel.swift in Sources */,
				4BC6DB7D2A16428800487DE7 /* ToDoListItemViewViewModel.swift in Sources */,
				4BC6DB7F2A16429200487DE7 /* NewItemViewViewModel.swift in Sources */,
				4BC6DB6F2A16401500487DE7 /* NewItemView.swift in Sources */,
				4BC6DB792A16424300487DE7 /* MainViewViewModel.swift in Sources */,
				4BC6DB772A16420400487DE7 /* ToDoListItem.swift in Sources */,
				4BC6DB852A1642BC00487DE7 /* ToDoListViewViewModel.swift in Sources */,
				4BAD24732A1BB46F0073891C /* User.swift in Sources */,
			);
			runOnlyForDeploymentPostprocessing = 0;
		};
/* End PBXSourcesBuildPhase section */

/* Begin XCBuildConfiguration section */
		4BC6DB582A1605FD00487DE7 /* Debug */ = {
			isa = XCBuildConfiguration;
			buildSettings = {
				ALWAYS_SEARCH_USER_PATHS = NO;
				CLANG_ANALYZER_NONNULL = YES;
				CLANG_ANALYZER_NUMBER_OBJECT_CONVERSION = YES_AGGRESSIVE;
				CLANG_CXX_LANGUAGE_STANDARD = "gnu++20";
				CLANG_ENABLE_MODULES = YES;
				CLANG_ENABLE_OBJC_ARC = YES;
				CLANG_ENABLE_OBJC_WEAK = YES;
				CLANG_WARN_BLOCK_CAPTURE_AUTORELEASING = YES;
				CLANG_WARN_BOOL_CONVERSION = YES;
				CLANG_WARN_COMMA = YES;
				CLANG_WARN_CONSTANT_CONVERSION = YES;
				CLANG_WARN_DEPRECATED_OBJC_IMPLEMENTATIONS = YES;
				CLANG_WARN_DIRECT_OBJC_ISA_USAGE = YES_ERROR;
				CLANG_WARN_DOCUMENTATION_COMMENTS = YES;
				CLANG_WARN_EMPTY_BODY = YES;
				CLANG_WARN_ENUM_CONVERSION = YES;
				CLANG_WARN_INFINITE_RECURSION = YES;
				CLANG_WARN_INT_CONVERSION = YES;
				CLANG_WARN_NON_LITERAL_NULL_CONVERSION = YES;
				CLANG_WARN_OBJC_IMPLICIT_RETAIN_SELF = YES;
				CLANG_WARN_OBJC_LITERAL_CONVERSION = YES;
				CLANG_WARN_OBJC_ROOT_CLASS = YES_ERROR;
				CLANG_WARN_QUOTED_INCLUDE_IN_FRAMEWORK_HEADER = YES;
				CLANG_WARN_RANGE_LOOP_ANALYSIS = YES;
				CLANG_WARN_STRICT_PROTOTYPES = YES;
				CLANG_WARN_SUSPICIOUS_MOVE = YES;
				CLANG_WARN_UNGUARDED_AVAILABILITY = YES_AGGRESSIVE;
				CLANG_WARN_UNREACHABLE_CODE = YES;
				CLANG_WARN__DUPLICATE_METHOD_MATCH = YES;
				COPY_PHASE_STRIP = NO;
				DEBUG_INFORMATION_FORMAT = dwarf;
				ENABLE_STRICT_OBJC_MSGSEND = YES;
				ENABLE_TESTABILITY = YES;
				GCC_C_LANGUAGE_STANDARD = gnu11;
				GCC_DYNAMIC_NO_PIC = NO;
				GCC_NO_COMMON_BLOCKS = YES;
				GCC_OPTIMIZATION_LEVEL = 0;
				GCC_PREPROCESSOR_DEFINITIONS = (
					"DEBUG=1",
					"$(inherited)",
				);
				GCC_WARN_64_TO_32_BIT_CONVERSION = YES;
				GCC_WARN_ABOUT_RETURN_TYPE = YES_ERROR;
				GCC_WARN_UNDECLARED_SELECTOR = YES;
				GCC_WARN_UNINITIALIZED_AUTOS = YES_AGGRESSIVE;
				GCC_WARN_UNUSED_FUNCTION = YES;
				GCC_WARN_UNUSED_VARIABLE = YES;
				IPHONEOS_DEPLOYMENT_TARGET = 16.4;
				MTL_ENABLE_DEBUG_INFO = INCLUDE_SOURCE;
				MTL_FAST_MATH = YES;
				ONLY_ACTIVE_ARCH = YES;
				SDKROOT = iphoneos;
				SWIFT_ACTIVE_COMPILATION_CONDITIONS = DEBUG;
				SWIFT_OPTIMIZATION_LEVEL = "-Onone";
			};
			name = Debug;
		};
		4BC6DB592A1605FD00487DE7 /* Release */ = {
			isa = XCBuildConfiguration;
			buildSettings = {
				ALWAYS_SEARCH_USER_PATHS = NO;
				CLANG_ANALYZER_NONNULL = YES;
				CLANG_ANALYZER_NUMBER_OBJECT_CONVERSION = YES_AGGRESSIVE;
				CLANG_CXX_LANGUAGE_STANDARD = "gnu++20";
				CLANG_ENABLE_MODULES = YES;
				CLANG_ENABLE_OBJC_ARC = YES;
				CLANG_ENABLE_OBJC_WEAK = YES;
				CLANG_WARN_BLOCK_CAPTURE_AUTORELEASING = YES;
				CLANG_WARN_BOOL_CONVERSION = YES;
				CLANG_WARN_COMMA = YES;
				CLANG_WARN_CONSTANT_CONVERSION = YES;
				CLANG_WARN_DEPRECATED_OBJC_IMPLEMENTATIONS = YES;
				CLANG_WARN_DIRECT_OBJC_ISA_USAGE = YES_ERROR;
				CLANG_WARN_DOCUMENTATION_COMMENTS = YES;
				CLANG_WARN_EMPTY_BODY = YES;
				CLANG_WARN_ENUM_CONVERSION = YES;
				CLANG_WARN_INFINITE_RECURSION = YES;
				CLANG_WARN_INT_CONVERSION = YES;
				CLANG_WARN_NON_LITERAL_NULL_CONVERSION = YES;
				CLANG_WARN_OBJC_IMPLICIT_RETAIN_SELF = YES;
				CLANG_WARN_OBJC_LITERAL_CONVERSION = YES;
				CLANG_WARN_OBJC_ROOT_CLASS = YES_ERROR;
				CLANG_WARN_QUOTED_INCLUDE_IN_FRAMEWORK_HEADER = YES;
				CLANG_WARN_RANGE_LOOP_ANALYSIS = YES;
				CLANG_WARN_STRICT_PROTOTYPES = YES;
				CLANG_WARN_SUSPICIOUS_MOVE = YES;
				CLANG_WARN_UNGUARDED_AVAILABILITY = YES_AGGRESSIVE;
				CLANG_WARN_UNREACHABLE_CODE = YES;
				CLANG_WARN__DUPLICATE_METHOD_MATCH = YES;
				COPY_PHASE_STRIP = NO;
				DEBUG_INFORMATION_FORMAT = "dwarf-with-dsym";
				ENABLE_NS_ASSERTIONS = NO;
				ENABLE_STRICT_OBJC_MSGSEND = YES;
				GCC_C_LANGUAGE_STANDARD = gnu11;
				GCC_NO_COMMON_BLOCKS = YES;
				GCC_WARN_64_TO_32_BIT_CONVERSION = YES;
				GCC_WARN_ABOUT_RETURN_TYPE = YES_ERROR;
				GCC_WARN_UNDECLARED_SELECTOR = YES;
				GCC_WARN_UNINITIALIZED_AUTOS = YES_AGGRESSIVE;
				GCC_WARN_UNUSED_FUNCTION = YES;
				GCC_WARN_UNUSED_VARIABLE = YES;
				IPHONEOS_DEPLOYMENT_TARGET = 16.4;
				MTL_ENABLE_DEBUG_INFO = NO;
				MTL_FAST_MATH = YES;
				SDKROOT = iphoneos;
				SWIFT_COMPILATION_MODE = wholemodule;
				SWIFT_OPTIMIZATION_LEVEL = "-O";
				VALIDATE_PRODUCT = YES;
			};
			name = Release;
		};
		4BC6DB5B2A1605FD00487DE7 /* Debug */ = {
			isa = XCBuildConfiguration;
			buildSettings = {
				ASSETCATALOG_COMPILER_APPICON_NAME = AppIcon;
				ASSETCATALOG_COMPILER_GLOBAL_ACCENT_COLOR_NAME = AccentColor;
				CODE_SIGN_STYLE = Automatic;
				CURRENT_PROJECT_VERSION = 1;
				DEVELOPMENT_ASSET_PATHS = "\"SwiftUIToDoList/Preview Content\"";
				DEVELOPMENT_TEAM = 9ZFC28246W;
				ENABLE_PREVIEWS = YES;
				GENERATE_INFOPLIST_FILE = YES;
				INFOPLIST_KEY_CFBundleDisplayName = "To Do List";
				INFOPLIST_KEY_UIApplicationSceneManifest_Generation = YES;
				INFOPLIST_KEY_UIApplicationSupportsIndirectInputEvents = YES;
				INFOPLIST_KEY_UILaunchScreen_Generation = YES;
				INFOPLIST_KEY_UILaunchStoryboardName = "Launch Screen.storyboard";
				INFOPLIST_KEY_UISupportedInterfaceOrientations = UIInterfaceOrientationPortrait;
				LD_RUNPATH_SEARCH_PATHS = (
					"$(inherited)",
					"@executable_path/Frameworks",
				);
				MARKETING_VERSION = 1.0;
				PRODUCT_BUNDLE_IDENTIFIER = ru.poddubny.SwiftUIToDoList;
				PRODUCT_NAME = "$(TARGET_NAME)";
				SWIFT_EMIT_LOC_STRINGS = YES;
				SWIFT_VERSION = 5.0;
				TARGETED_DEVICE_FAMILY = "1,2";
			};
			name = Debug;
		};
		4BC6DB5C2A1605FD00487DE7 /* Release */ = {
			isa = XCBuildConfiguration;
			buildSettings = {
				ASSETCATALOG_COMPILER_APPICON_NAME = AppIcon;
				ASSETCATALOG_COMPILER_GLOBAL_ACCENT_COLOR_NAME = AccentColor;
				CODE_SIGN_STYLE = Automatic;
				CURRENT_PROJECT_VERSION = 1;
				DEVELOPMENT_ASSET_PATHS = "\"SwiftUIToDoList/Preview Content\"";
				DEVELOPMENT_TEAM = 9ZFC28246W;
				ENABLE_PREVIEWS = YES;
				GENERATE_INFOPLIST_FILE = YES;
				INFOPLIST_KEY_CFBundleDisplayName = "To Do List";
				INFOPLIST_KEY_UIApplicationSceneManifest_Generation = YES;
				INFOPLIST_KEY_UIApplicationSupportsIndirectInputEvents = YES;
				INFOPLIST_KEY_UILaunchScreen_Generation = YES;
				INFOPLIST_KEY_UILaunchStoryboardName = "Launch Screen.storyboard";
				INFOPLIST_KEY_UISupportedInterfaceOrientations = UIInterfaceOrientationPortrait;
				LD_RUNPATH_SEARCH_PATHS = (
					"$(inherited)",
					"@executable_path/Frameworks",
				);
				MARKETING_VERSION = 1.0;
				PRODUCT_BUNDLE_IDENTIFIER = ru.poddubny.SwiftUIToDoList;
				PRODUCT_NAME = "$(TARGET_NAME)";
				SWIFT_EMIT_LOC_STRINGS = YES;
				SWIFT_VERSION = 5.0;
				TARGETED_DEVICE_FAMILY = "1,2";
			};
			name = Release;
		};
/* End XCBuildConfiguration section */

/* Begin XCConfigurationList section */
		4BC6DB472A1605FB00487DE7 /* Build configuration list for PBXProject "SwiftUIToDoList" */ = {
			isa = XCConfigurationList;
			buildConfigurations = (
				4BC6DB582A1605FD00487DE7 /* Debug */,
				4BC6DB592A1605FD00487DE7 /* Release */,
			);
			defaultConfigurationIsVisible = 0;
			defaultConfigurationName = Release;
		};
		4BC6DB5A2A1605FD00487DE7 /* Build configuration list for PBXNativeTarget "SwiftUIToDoList" */ = {
			isa = XCConfigurationList;
			buildConfigurations = (
				4BC6DB5B2A1605FD00487DE7 /* Debug */,
				4BC6DB5C2A1605FD00487DE7 /* Release */,
			);
			defaultConfigurationIsVisible = 0;
			defaultConfigurationName = Release;
		};
/* End XCConfigurationList section */

/* Begin XCRemoteSwiftPackageReference section */
		4BC6DB5D2A1608DE00487DE7 /* XCRemoteSwiftPackageReference "firebase-ios-sdk" */ = {
			isa = XCRemoteSwiftPackageReference;
			repositoryURL = "https://github.com/firebase/firebase-ios-sdk";
			requirement = {
				kind = upToNextMajorVersion;
				minimumVersion = 10.0.0;
			};
		};
/* End XCRemoteSwiftPackageReference section */

/* Begin XCSwiftPackageProductDependency section */
		4BC6DB5E2A1608DE00487DE7 /* FirebaseAuth */ = {
			isa = XCSwiftPackageProductDependency;
			package = 4BC6DB5D2A1608DE00487DE7 /* XCRemoteSwiftPackageReference "firebase-ios-sdk" */;
			productName = FirebaseAuth;
		};
		4BC6DB602A1608DE00487DE7 /* FirebaseFirestore */ = {
			isa = XCSwiftPackageProductDependency;
			package = 4BC6DB5D2A1608DE00487DE7 /* XCRemoteSwiftPackageReference "firebase-ios-sdk" */;
			productName = FirebaseFirestore;
		};
		4BC6DB622A1608DE00487DE7 /* FirebaseFirestoreSwift */ = {
			isa = XCSwiftPackageProductDependency;
			package = 4BC6DB5D2A1608DE00487DE7 /* XCRemoteSwiftPackageReference "firebase-ios-sdk" */;
			productName = FirebaseFirestoreSwift;
		};
/* End XCSwiftPackageProductDependency section */
	};
	rootObject = 4BC6DB442A1605FB00487DE7 /* Project object */;
}
